
Microsoft Visual Studio Solution File, Format Version 12.00
# Visual Studio Version 16
VisualStudioVersion = 16.0.30523.141
MinimumVisualStudioVersion = 10.0.40219.1
Project("{FAE04EC0-301F-11D3-BF4B-00C04F79EFBC}") = "NbIdentityServer", "NbIdentityServer\NbIdentityServer.csproj", "{9498F1A0-372D-4145-9BD6-C217F652A6BB}"
EndProject
Global
	GlobalSection(SolutionConfigurationPlatforms) = preSolution
		Debug|Any CPU = Debug|Any CPU
		Release|Any CPU = Release|Any CPU
	EndGlobalSection
	GlobalSection(ProjectConfigurationPlatforms) = postSolution
		{9498F1A0-372D-4145-9BD6-C217F652A6BB}.Debug|Any CPU.ActiveCfg = Debug|Any CPU
		{9498F1A0-372D-4145-9BD6-C217F652A6BB}.Debug|Any CPU.Build.0 = Debug|Any CPU
		{9498F1A0-372D-4145-9BD6-C217F652A6BB}.Release|Any CPU.ActiveCfg = Release|Any CPU
		{9498F1A0-372D-4145-9BD6-C217F652A6BB}.Release|Any CPU.Build.0 = Release|Any CPU
	EndGlobalSection
	GlobalSection(SolutionProperties) = preSolution
		HideSolutionNode = FALSE
	EndGlobalSection
	GlobalSection(ExtensibilityGlobals) = postSolution
		SolutionGuid = {27FBA4EE-4F74-4E91-BD9C-7C13B151923A}
	EndGlobalSection
EndGlobal
